{
  "name": "hogargeriatricoeltata",
  "version": "1.0.0",
  "lockfileVersion": 1,
  "requires": true,
  "dependencies": {
    "formvalidation": {
      "version": "0.6.2-dev",
      "resolved": "https://registry.npmjs.org/formvalidation/-/formvalidation-0.6.2-dev.tgz",
      "integrity": "sha1-RUfgL8fjpW8JwExQhTp7HEqJpI4="
    }
  }
}
